// !$*UTF8*$!
{
	archiveVersion = 1;
	classes = {
	};
	objectVersion = 56;
	objects = {

/* Begin PBXBuildFile section */
		2EC7556201F787C38FE78D8F /* Pods_iWykop2_0.framework in Frameworks */ = {isa = PBXBuildFile; fileRef = 370C37113F1CBF6D314A5C0B /* Pods_iWykop2_0.framework */; };
		3104321BE8F24BBCC225C99E /* Pods_iWykop2_0_iWykop2_0UITests.framework in Frameworks */ = {isa = PBXBuildFile; fileRef = F105109A9641E6FA33DD8E92 /* Pods_iWykop2_0_iWykop2_0UITests.framework */; };
		5639E4B929846BFB00378AB5 /* IWykop20App.swift in Sources */ = {isa = PBXBuildFile; fileRef = 5639E4B829846BFB00378AB5 /* IWykop20App.swift */; };
		5639E4BB29846BFB00378AB5 /* ContentView.swift in Sources */ = {isa = PBXBuildFile; fileRef = 5639E4BA29846BFB00378AB5 /* ContentView.swift */; };
		5639E4BD29846BFC00378AB5 /* Assets.xcassets in Resources */ = {isa = PBXBuildFile; fileRef = 5639E4BC29846BFC00378AB5 /* Assets.xcassets */; };
		5639E4C129846BFC00378AB5 /* Preview Assets.xcassets in Resources */ = {isa = PBXBuildFile; fileRef = 5639E4C029846BFC00378AB5 /* Preview Assets.xcassets */; };
		5639E4CB29846BFC00378AB5 /* IWykop20Tests.swift in Sources */ = {isa = PBXBuildFile; fileRef = 5639E4CA29846BFC00378AB5 /* IWykop20Tests.swift */; };
		5639E4D529846BFC00378AB5 /* IWykop20UITests.swift in Sources */ = {isa = PBXBuildFile; fileRef = 5639E4D429846BFC00378AB5 /* IWykop20UITests.swift */; };
		5639E4D729846BFC00378AB5 /* IWykop2UITestsLaunchTests.swift in Sources */ = {isa = PBXBuildFile; fileRef = 5639E4D629846BFC00378AB5 /* IWykop2UITestsLaunchTests.swift */; };
		5639E4EC2984779A00378AB5 /* Registration.swift in Sources */ = {isa = PBXBuildFile; fileRef = 5639E4EB2984779A00378AB5 /* Registration.swift */; };
		5639E4F42984797300378AB5 /* ApiClient.swift in Sources */ = {isa = PBXBuildFile; fileRef = 5639E4F32984797300378AB5 /* ApiClient.swift */; };
		5639E4F62984798F00378AB5 /* ApiV3Service.swift in Sources */ = {isa = PBXBuildFile; fileRef = 5639E4F52984798F00378AB5 /* ApiV3Service.swift */; };
		5639E4FB29847BEA00378AB5 /* String.swift in Sources */ = {isa = PBXBuildFile; fileRef = 5639E4FA29847BEA00378AB5 /* String.swift */; };
		5639E4FD29847C4400378AB5 /* Coordinator.swift in Sources */ = {isa = PBXBuildFile; fileRef = 5639E4FC29847C4400378AB5 /* Coordinator.swift */; };
		5639E4FF29847C7400378AB5 /* BodyFormatter.swift in Sources */ = {isa = PBXBuildFile; fileRef = 5639E4FE29847C7400378AB5 /* BodyFormatter.swift */; };
		5639E501298592F200378AB5 /* apiCreditentials.plist in Resources */ = {isa = PBXBuildFile; fileRef = 5639E500298592F200378AB5 /* apiCreditentials.plist */; };
		5639E5032985A05D00378AB5 /* Auth.swift in Sources */ = {isa = PBXBuildFile; fileRef = 5639E5022985A05D00378AB5 /* Auth.swift */; };
		5639E5052985A0AB00378AB5 /* Response.swift in Sources */ = {isa = PBXBuildFile; fileRef = 5639E5042985A0AB00378AB5 /* Response.swift */; };
		5639E5072985A1CF00378AB5 /* Links.swift in Sources */ = {isa = PBXBuildFile; fileRef = 5639E5062985A1CF00378AB5 /* Links.swift */; };
		5639E5092985A26000378AB5 /* Tags.swift in Sources */ = {isa = PBXBuildFile; fileRef = 5639E5082985A26000378AB5 /* Tags.swift */; };
		5639E50B2985A2F500378AB5 /* Author.swift in Sources */ = {isa = PBXBuildFile; fileRef = 5639E50A2985A2F500378AB5 /* Author.swift */; };
		5639E50D2985A30A00378AB5 /* Embed.swift in Sources */ = {isa = PBXBuildFile; fileRef = 5639E50C2985A30A00378AB5 /* Embed.swift */; };
		5639E50F2985A3FE00378AB5 /* Entry.swift in Sources */ = {isa = PBXBuildFile; fileRef = 5639E50E2985A3FE00378AB5 /* Entry.swift */; };
		5639E5112985C24200378AB5 /* Comment.swift in Sources */ = {isa = PBXBuildFile; fileRef = 5639E5102985C24200378AB5 /* Comment.swift */; };
		56D3FF332985E2BC001E83C6 /* ApiCreditentialsProvider.swift in Sources */ = {isa = PBXBuildFile; fileRef = 56D3FF322985E2BC001E83C6 /* ApiCreditentialsProvider.swift */; };
		56D3FF352986E8B0001E83C6 /* DataTaskPublisherProvider.swift in Sources */ = {isa = PBXBuildFile; fileRef = 56D3FF342986E8B0001E83C6 /* DataTaskPublisherProvider.swift */; };
		56D3FF382987033A001E83C6 /* Persistance.swift in Sources */ = {isa = PBXBuildFile; fileRef = 56D3FF372987033A001E83C6 /* Persistance.swift */; };
		AD2E8EBE411AE5C688FF6237 /* Pods_iWykop2_0Tests.framework in Frameworks */ = {isa = PBXBuildFile; fileRef = 8D68E8ABCEDFFE6A37E1D068 /* Pods_iWykop2_0Tests.framework */; };
/* End PBXBuildFile section */

/* Begin PBXContainerItemProxy section */
		5639E4C729846BFC00378AB5 /* PBXContainerItemProxy */ = {
			isa = PBXContainerItemProxy;
			containerPortal = 5639E4AD29846BFB00378AB5 /* Project object */;
			proxyType = 1;
			remoteGlobalIDString = 5639E4B429846BFB00378AB5;
			remoteInfo = iWykop2.0;
		};
		5639E4D129846BFC00378AB5 /* PBXContainerItemProxy */ = {
			isa = PBXContainerItemProxy;
			containerPortal = 5639E4AD29846BFB00378AB5 /* Project object */;
			proxyType = 1;
			remoteGlobalIDString = 5639E4B429846BFB00378AB5;
			remoteInfo = iWykop2.0;
		};
/* End PBXContainerItemProxy section */

/* Begin PBXFileReference section */
		17EDDE1E10E1B0EEABCFEF39 /* Pods-iWykop2.0-iWykop2.0UITests.debug.xcconfig */ = {isa = PBXFileReference; includeInIndex = 1; lastKnownFileType = text.xcconfig; name = "Pods-iWykop2.0-iWykop2.0UITests.debug.xcconfig"; path = "Target Support Files/Pods-iWykop2.0-iWykop2.0UITests/Pods-iWykop2.0-iWykop2.0UITests.debug.xcconfig"; sourceTree = "<group>"; };
		30FC7A4A8B851491F0A3A0BF /* Pods-iWykop2.0Tests.debug.xcconfig */ = {isa = PBXFileReference; includeInIndex = 1; lastKnownFileType = text.xcconfig; name = "Pods-iWykop2.0Tests.debug.xcconfig"; path = "Target Support Files/Pods-iWykop2.0Tests/Pods-iWykop2.0Tests.debug.xcconfig"; sourceTree = "<group>"; };
		370C37113F1CBF6D314A5C0B /* Pods_iWykop2_0.framework */ = {isa = PBXFileReference; explicitFileType = wrapper.framework; includeInIndex = 0; path = Pods_iWykop2_0.framework; sourceTree = BUILT_PRODUCTS_DIR; };
		5639E4B529846BFB00378AB5 /* iWykop2.0.app */ = {isa = PBXFileReference; explicitFileType = wrapper.application; includeInIndex = 0; path = iWykop2.0.app; sourceTree = BUILT_PRODUCTS_DIR; };
		5639E4B829846BFB00378AB5 /* IWykop20App.swift */ = {isa = PBXFileReference; lastKnownFileType = sourcecode.swift; path = IWykop20App.swift; sourceTree = "<group>"; };
		5639E4BA29846BFB00378AB5 /* ContentView.swift */ = {isa = PBXFileReference; lastKnownFileType = sourcecode.swift; path = ContentView.swift; sourceTree = "<group>"; };
		5639E4BC29846BFC00378AB5 /* Assets.xcassets */ = {isa = PBXFileReference; lastKnownFileType = folder.assetcatalog; path = Assets.xcassets; sourceTree = "<group>"; };
		5639E4BE29846BFC00378AB5 /* iWykop2_0.entitlements */ = {isa = PBXFileReference; lastKnownFileType = text.plist.entitlements; path = iWykop2_0.entitlements; sourceTree = "<group>"; };
		5639E4C029846BFC00378AB5 /* Preview Assets.xcassets */ = {isa = PBXFileReference; lastKnownFileType = folder.assetcatalog; path = "Preview Assets.xcassets"; sourceTree = "<group>"; };
		5639E4C629846BFC00378AB5 /* iWykop2.0Tests.xctest */ = {isa = PBXFileReference; explicitFileType = wrapper.cfbundle; includeInIndex = 0; path = iWykop2.0Tests.xctest; sourceTree = BUILT_PRODUCTS_DIR; };
		5639E4CA29846BFC00378AB5 /* IWykop20Tests.swift */ = {isa = PBXFileReference; lastKnownFileType = sourcecode.swift; path = IWykop20Tests.swift; sourceTree = "<group>"; };
		5639E4D029846BFC00378AB5 /* iWykop2.0UITests.xctest */ = {isa = PBXFileReference; explicitFileType = wrapper.cfbundle; includeInIndex = 0; path = iWykop2.0UITests.xctest; sourceTree = BUILT_PRODUCTS_DIR; };
		5639E4D429846BFC00378AB5 /* IWykop20UITests.swift */ = {isa = PBXFileReference; lastKnownFileType = sourcecode.swift; path = IWykop20UITests.swift; sourceTree = "<group>"; };
		5639E4D629846BFC00378AB5 /* IWykop2UITestsLaunchTests.swift */ = {isa = PBXFileReference; lastKnownFileType = sourcecode.swift; path = IWykop2UITestsLaunchTests.swift; sourceTree = "<group>"; };
		5639E4EA2984749600378AB5 /* .swiftlint.yml */ = {isa = PBXFileReference; lastKnownFileType = text.yaml; path = .swiftlint.yml; sourceTree = "<group>"; };
		5639E4EB2984779A00378AB5 /* Registration.swift */ = {isa = PBXFileReference; lastKnownFileType = sourcecode.swift; path = Registration.swift; sourceTree = "<group>"; };
		5639E4F32984797300378AB5 /* ApiClient.swift */ = {isa = PBXFileReference; lastKnownFileType = sourcecode.swift; path = ApiClient.swift; sourceTree = "<group>"; };
		5639E4F52984798F00378AB5 /* ApiV3Service.swift */ = {isa = PBXFileReference; lastKnownFileType = sourcecode.swift; path = ApiV3Service.swift; sourceTree = "<group>"; };
		5639E4FA29847BEA00378AB5 /* String.swift */ = {isa = PBXFileReference; lastKnownFileType = sourcecode.swift; path = String.swift; sourceTree = "<group>"; };
		5639E4FC29847C4400378AB5 /* Coordinator.swift */ = {isa = PBXFileReference; lastKnownFileType = sourcecode.swift; path = Coordinator.swift; sourceTree = "<group>"; };
		5639E4FE29847C7400378AB5 /* BodyFormatter.swift */ = {isa = PBXFileReference; lastKnownFileType = sourcecode.swift; path = BodyFormatter.swift; sourceTree = "<group>"; };
		5639E500298592F200378AB5 /* apiCreditentials.plist */ = {isa = PBXFileReference; lastKnownFileType = text.plist.xml; path = apiCreditentials.plist; sourceTree = "<group>"; };
		5639E5022985A05D00378AB5 /* Auth.swift */ = {isa = PBXFileReference; lastKnownFileType = sourcecode.swift; path = Auth.swift; sourceTree = "<group>"; };
		5639E5042985A0AB00378AB5 /* Response.swift */ = {isa = PBXFileReference; lastKnownFileType = sourcecode.swift; path = Response.swift; sourceTree = "<group>"; };
		5639E5062985A1CF00378AB5 /* Links.swift */ = {isa = PBXFileReference; lastKnownFileType = sourcecode.swift; path = Links.swift; sourceTree = "<group>"; };
		5639E5082985A26000378AB5 /* Tags.swift */ = {isa = PBXFileReference; lastKnownFileType = sourcecode.swift; path = Tags.swift; sourceTree = "<group>"; };
		5639E50A2985A2F500378AB5 /* Author.swift */ = {isa = PBXFileReference; lastKnownFileType = sourcecode.swift; path = Author.swift; sourceTree = "<group>"; };
		5639E50C2985A30A00378AB5 /* Embed.swift */ = {isa = PBXFileReference; lastKnownFileType = sourcecode.swift; path = Embed.swift; sourceTree = "<group>"; };
		5639E50E2985A3FE00378AB5 /* Entry.swift */ = {isa = PBXFileReference; lastKnownFileType = sourcecode.swift; path = Entry.swift; sourceTree = "<group>"; };
		5639E5102985C24200378AB5 /* Comment.swift */ = {isa = PBXFileReference; lastKnownFileType = sourcecode.swift; path = Comment.swift; sourceTree = "<group>"; };
		56D3FF322985E2BC001E83C6 /* ApiCreditentialsProvider.swift */ = {isa = PBXFileReference; lastKnownFileType = sourcecode.swift; path = ApiCreditentialsProvider.swift; sourceTree = "<group>"; };
		56D3FF342986E8B0001E83C6 /* DataTaskPublisherProvider.swift */ = {isa = PBXFileReference; lastKnownFileType = sourcecode.swift; path = DataTaskPublisherProvider.swift; sourceTree = "<group>"; };
		56D3FF372987033A001E83C6 /* Persistance.swift */ = {isa = PBXFileReference; lastKnownFileType = sourcecode.swift; path = Persistance.swift; sourceTree = "<group>"; };
		8D68E8ABCEDFFE6A37E1D068 /* Pods_iWykop2_0Tests.framework */ = {isa = PBXFileReference; explicitFileType = wrapper.framework; includeInIndex = 0; path = Pods_iWykop2_0Tests.framework; sourceTree = BUILT_PRODUCTS_DIR; };
		93F4224E1AEBA2114176DFA4 /* Pods-iWykop2.0Tests.release.xcconfig */ = {isa = PBXFileReference; includeInIndex = 1; lastKnownFileType = text.xcconfig; name = "Pods-iWykop2.0Tests.release.xcconfig"; path = "Target Support Files/Pods-iWykop2.0Tests/Pods-iWykop2.0Tests.release.xcconfig"; sourceTree = "<group>"; };
		B4A5333E9B8E80241D2132F8 /* Pods-iWykop2.0.debug.xcconfig */ = {isa = PBXFileReference; includeInIndex = 1; lastKnownFileType = text.xcconfig; name = "Pods-iWykop2.0.debug.xcconfig"; path = "Target Support Files/Pods-iWykop2.0/Pods-iWykop2.0.debug.xcconfig"; sourceTree = "<group>"; };
		E080DF254F2EE1E67D262500 /* Pods-iWykop2.0.release.xcconfig */ = {isa = PBXFileReference; includeInIndex = 1; lastKnownFileType = text.xcconfig; name = "Pods-iWykop2.0.release.xcconfig"; path = "Target Support Files/Pods-iWykop2.0/Pods-iWykop2.0.release.xcconfig"; sourceTree = "<group>"; };
		EBC1F70F7366A92B2F48A329 /* Pods-iWykop2.0-iWykop2.0UITests.release.xcconfig */ = {isa = PBXFileReference; includeInIndex = 1; lastKnownFileType = text.xcconfig; name = "Pods-iWykop2.0-iWykop2.0UITests.release.xcconfig"; path = "Target Support Files/Pods-iWykop2.0-iWykop2.0UITests/Pods-iWykop2.0-iWykop2.0UITests.release.xcconfig"; sourceTree = "<group>"; };
		F105109A9641E6FA33DD8E92 /* Pods_iWykop2_0_iWykop2_0UITests.framework */ = {isa = PBXFileReference; explicitFileType = wrapper.framework; includeInIndex = 0; path = Pods_iWykop2_0_iWykop2_0UITests.framework; sourceTree = BUILT_PRODUCTS_DIR; };
/* End PBXFileReference section */

/* Begin PBXFrameworksBuildPhase section */
		5639E4B229846BFB00378AB5 /* Frameworks */ = {
			isa = PBXFrameworksBuildPhase;
			buildActionMask = 2147483647;
			files = (
				2EC7556201F787C38FE78D8F /* Pods_iWykop2_0.framework in Frameworks */,
			);
			runOnlyForDeploymentPostprocessing = 0;
		};
		5639E4C329846BFC00378AB5 /* Frameworks */ = {
			isa = PBXFrameworksBuildPhase;
			buildActionMask = 2147483647;
			files = (
				AD2E8EBE411AE5C688FF6237 /* Pods_iWykop2_0Tests.framework in Frameworks */,
			);
			runOnlyForDeploymentPostprocessing = 0;
		};
		5639E4CD29846BFC00378AB5 /* Frameworks */ = {
			isa = PBXFrameworksBuildPhase;
			buildActionMask = 2147483647;
			files = (
				3104321BE8F24BBCC225C99E /* Pods_iWykop2_0_iWykop2_0UITests.framework in Frameworks */,
			);
			runOnlyForDeploymentPostprocessing = 0;
		};
/* End PBXFrameworksBuildPhase section */

/* Begin PBXGroup section */
		0EA06797354CACA6AF5A4265 /* Frameworks */ = {
			isa = PBXGroup;
			children = (
				370C37113F1CBF6D314A5C0B /* Pods_iWykop2_0.framework */,
				F105109A9641E6FA33DD8E92 /* Pods_iWykop2_0_iWykop2_0UITests.framework */,
				8D68E8ABCEDFFE6A37E1D068 /* Pods_iWykop2_0Tests.framework */,
			);
			name = Frameworks;
			sourceTree = "<group>";
		};
		5639E4AC29846BFB00378AB5 = {
			isa = PBXGroup;
			children = (
				5639E4EA2984749600378AB5 /* .swiftlint.yml */,
				5639E4B729846BFB00378AB5 /* IWykop2.0 */,
				5639E4C929846BFC00378AB5 /* IWykop2.0Tests */,
				5639E4D329846BFC00378AB5 /* IWykop2.0UITests */,
				5639E4B629846BFB00378AB5 /* Products */,
				E9DFA03E93E8AE9924225FA2 /* Pods */,
				0EA06797354CACA6AF5A4265 /* Frameworks */,
			);
			sourceTree = "<group>";
		};
		5639E4B629846BFB00378AB5 /* Products */ = {
			isa = PBXGroup;
			children = (
				5639E4B529846BFB00378AB5 /* iWykop2.0.app */,
				5639E4C629846BFC00378AB5 /* iWykop2.0Tests.xctest */,
				5639E4D029846BFC00378AB5 /* iWykop2.0UITests.xctest */,
			);
			name = Products;
			sourceTree = "<group>";
		};
		5639E4B729846BFB00378AB5 /* IWykop2.0 */ = {
			isa = PBXGroup;
			children = (
				5639E4F0298478F900378AB5 /* Model */,
				5639E4ED2984788400378AB5 /* Services */,
				5639E4E9298472E200378AB5 /* SupportingFiles */,
				5639E4E8298472A800378AB5 /* Utils */,
				5639E4E72984728500378AB5 /* DI */,
				5639E4E62984726E00378AB5 /* AppFlow */,
				5639E4E52984725D00378AB5 /* Sourcery */,
				5639E4B829846BFB00378AB5 /* IWykop20App.swift */,
				5639E4BA29846BFB00378AB5 /* ContentView.swift */,
			);
			path = IWykop2.0;
			sourceTree = "<group>";
		};
		5639E4BF29846BFC00378AB5 /* Preview Content */ = {
			isa = PBXGroup;
			children = (
				5639E4C029846BFC00378AB5 /* Preview Assets.xcassets */,
			);
			path = "Preview Content";
			sourceTree = "<group>";
		};
		5639E4C929846BFC00378AB5 /* IWykop2.0Tests */ = {
			isa = PBXGroup;
			children = (
				5639E4CA29846BFC00378AB5 /* IWykop20Tests.swift */,
			);
			path = IWykop2.0Tests;
			sourceTree = "<group>";
		};
		5639E4D329846BFC00378AB5 /* IWykop2.0UITests */ = {
			isa = PBXGroup;
			children = (
				5639E4D429846BFC00378AB5 /* IWykop20UITests.swift */,
				5639E4D629846BFC00378AB5 /* IWykop2UITestsLaunchTests.swift */,
			);
			path = IWykop2.0UITests;
			sourceTree = "<group>";
		};
		5639E4E52984725D00378AB5 /* Sourcery */ = {
			isa = PBXGroup;
			children = (
			);
			path = Sourcery;
			sourceTree = "<group>";
		};
		5639E4E62984726E00378AB5 /* AppFlow */ = {
			isa = PBXGroup;
			children = (
				56D3FF3B29871C4D001E83C6 /* Profile */,
				56D3FF3A29871C37001E83C6 /* Entries */,
				56D3FF3929871C27001E83C6 /* Links */,
			);
			path = AppFlow;
			sourceTree = "<group>";
		};
		5639E4E72984728500378AB5 /* DI */ = {
			isa = PBXGroup;
			children = (
				5639E4EB2984779A00378AB5 /* Registration.swift */,
			);
			path = DI;
			sourceTree = "<group>";
		};
		5639E4E8298472A800378AB5 /* Utils */ = {
			isa = PBXGroup;
			children = (
				5639E4F929847B8300378AB5 /* SwiftUI */,
				5639E4FA29847BEA00378AB5 /* String.swift */,
				5639E4FC29847C4400378AB5 /* Coordinator.swift */,
				5639E4FE29847C7400378AB5 /* BodyFormatter.swift */,
			);
			path = Utils;
			sourceTree = "<group>";
		};
		5639E4E9298472E200378AB5 /* SupportingFiles */ = {
			isa = PBXGroup;
			children = (
				5639E4BF29846BFC00378AB5 /* Preview Content */,
				5639E4BE29846BFC00378AB5 /* iWykop2_0.entitlements */,
				5639E4BC29846BFC00378AB5 /* Assets.xcassets */,
				5639E500298592F200378AB5 /* apiCreditentials.plist */,
			);
			path = SupportingFiles;
			sourceTree = "<group>";
		};
		5639E4ED2984788400378AB5 /* Services */ = {
			isa = PBXGroup;
			children = (
				56D3FF3629870323001E83C6 /* Persistance */,
				5639E4EF298478C100378AB5 /* ApiClient */,
				5639E4EE298478B100378AB5 /* ApiV3 */,
			);
			path = Services;
			sourceTree = "<group>";
		};
		5639E4EE298478B100378AB5 /* ApiV3 */ = {
			isa = PBXGroup;
			children = (
				5639E4F52984798F00378AB5 /* ApiV3Service.swift */,
				56D3FF322985E2BC001E83C6 /* ApiCreditentialsProvider.swift */,
				56D3FF342986E8B0001E83C6 /* DataTaskPublisherProvider.swift */,
			);
			path = ApiV3;
			sourceTree = "<group>";
		};
		5639E4EF298478C100378AB5 /* ApiClient */ = {
			isa = PBXGroup;
			children = (
				5639E4F32984797300378AB5 /* ApiClient.swift */,
			);
			path = ApiClient;
			sourceTree = "<group>";
		};
		5639E4F0298478F900378AB5 /* Model */ = {
			isa = PBXGroup;
			children = (
				5639E5022985A05D00378AB5 /* Auth.swift */,
				5639E5042985A0AB00378AB5 /* Response.swift */,
				5639E5062985A1CF00378AB5 /* Links.swift */,
				5639E5082985A26000378AB5 /* Tags.swift */,
				5639E50A2985A2F500378AB5 /* Author.swift */,
				5639E50C2985A30A00378AB5 /* Embed.swift */,
				5639E50E2985A3FE00378AB5 /* Entry.swift */,
				5639E5102985C24200378AB5 /* Comment.swift */,
			);
			path = Model;
			sourceTree = "<group>";
		};
		5639E4F929847B8300378AB5 /* SwiftUI */ = {
			isa = PBXGroup;
			children = (
			);
			path = SwiftUI;
			sourceTree = "<group>";
		};
		56D3FF3629870323001E83C6 /* Persistance */ = {
			isa = PBXGroup;
			children = (
				56D3FF372987033A001E83C6 /* Persistance.swift */,
			);
			path = Persistance;
			sourceTree = "<group>";
		};
		56D3FF3929871C27001E83C6 /* Links */ = {
			isa = PBXGroup;
			children = (
			);
			path = Links;
			sourceTree = "<group>";
		};
		56D3FF3A29871C37001E83C6 /* Entries */ = {
			isa = PBXGroup;
			children = (
			);
			path = Entries;
			sourceTree = "<group>";
		};
		56D3FF3B29871C4D001E83C6 /* Profile */ = {
			isa = PBXGroup;
			children = (
			);
			path = Profile;
			sourceTree = "<group>";
		};
		E9DFA03E93E8AE9924225FA2 /* Pods */ = {
			isa = PBXGroup;
			children = (
				B4A5333E9B8E80241D2132F8 /* Pods-iWykop2.0.debug.xcconfig */,
				E080DF254F2EE1E67D262500 /* Pods-iWykop2.0.release.xcconfig */,
				17EDDE1E10E1B0EEABCFEF39 /* Pods-iWykop2.0-iWykop2.0UITests.debug.xcconfig */,
				EBC1F70F7366A92B2F48A329 /* Pods-iWykop2.0-iWykop2.0UITests.release.xcconfig */,
				30FC7A4A8B851491F0A3A0BF /* Pods-iWykop2.0Tests.debug.xcconfig */,
				93F4224E1AEBA2114176DFA4 /* Pods-iWykop2.0Tests.release.xcconfig */,
			);
			path = Pods;
			sourceTree = "<group>";
		};
/* End PBXGroup section */

/* Begin PBXNativeTarget section */
		5639E4B429846BFB00378AB5 /* iWykop2.0 */ = {
			isa = PBXNativeTarget;
			buildConfigurationList = 5639E4DA29846BFC00378AB5 /* Build configuration list for PBXNativeTarget "iWykop2.0" */;
			buildPhases = (
				59016D1F01F6506FC996DB1B /* [CP] Check Pods Manifest.lock */,
				5639E4E3298471AD00378AB5 /* ShellScript */,
				5639E4E4298471BB00378AB5 /* ShellScript */,
				5639E4B129846BFB00378AB5 /* Sources */,
				5639E4B229846BFB00378AB5 /* Frameworks */,
				5639E4B329846BFB00378AB5 /* Resources */,
				C59FDA6465D94AA26039F414 /* [CP] Embed Pods Frameworks */,
			);
			buildRules = (
			);
			dependencies = (
			);
			name = iWykop2.0;
			productName = iWykop2.0;
			productReference = 5639E4B529846BFB00378AB5 /* iWykop2.0.app */;
			productType = "com.apple.product-type.application";
		};
		5639E4C529846BFC00378AB5 /* iWykop2.0Tests */ = {
			isa = PBXNativeTarget;
			buildConfigurationList = 5639E4DD29846BFC00378AB5 /* Build configuration list for PBXNativeTarget "iWykop2.0Tests" */;
			buildPhases = (
				F90A8809EB2F31D496E516B1 /* [CP] Check Pods Manifest.lock */,
				5639E4C229846BFC00378AB5 /* Sources */,
				5639E4C329846BFC00378AB5 /* Frameworks */,
				5639E4C429846BFC00378AB5 /* Resources */,
			);
			buildRules = (
			);
			dependencies = (
				5639E4C829846BFC00378AB5 /* PBXTargetDependency */,
			);
			name = iWykop2.0Tests;
			productName = iWykop2.0Tests;
			productReference = 5639E4C629846BFC00378AB5 /* iWykop2.0Tests.xctest */;
			productType = "com.apple.product-type.bundle.unit-test";
		};
		5639E4CF29846BFC00378AB5 /* iWykop2.0UITests */ = {
			isa = PBXNativeTarget;
			buildConfigurationList = 5639E4E029846BFC00378AB5 /* Build configuration list for PBXNativeTarget "iWykop2.0UITests" */;
			buildPhases = (
				41FAC4B66DA6E05D7349FCCE /* [CP] Check Pods Manifest.lock */,
				5639E4CC29846BFC00378AB5 /* Sources */,
				5639E4CD29846BFC00378AB5 /* Frameworks */,
				5639E4CE29846BFC00378AB5 /* Resources */,
				C6E1F086B4CF0CDB6249BE4B /* [CP] Embed Pods Frameworks */,
			);
			buildRules = (
			);
			dependencies = (
				5639E4D229846BFC00378AB5 /* PBXTargetDependency */,
			);
			name = iWykop2.0UITests;
			productName = iWykop2.0UITests;
			productReference = 5639E4D029846BFC00378AB5 /* iWykop2.0UITests.xctest */;
			productType = "com.apple.product-type.bundle.ui-testing";
		};
/* End PBXNativeTarget section */

/* Begin PBXProject section */
		5639E4AD29846BFB00378AB5 /* Project object */ = {
			isa = PBXProject;
			attributes = {
				BuildIndependentTargetsInParallel = 1;
				LastSwiftUpdateCheck = 1420;
				LastUpgradeCheck = 1420;
				TargetAttributes = {
					5639E4B429846BFB00378AB5 = {
						CreatedOnToolsVersion = 14.2;
					};
					5639E4C529846BFC00378AB5 = {
						CreatedOnToolsVersion = 14.2;
						TestTargetID = 5639E4B429846BFB00378AB5;
					};
					5639E4CF29846BFC00378AB5 = {
						CreatedOnToolsVersion = 14.2;
						TestTargetID = 5639E4B429846BFB00378AB5;
					};
				};
			};
			buildConfigurationList = 5639E4B029846BFB00378AB5 /* Build configuration list for PBXProject "iWykop2.0" */;
			compatibilityVersion = "Xcode 14.0";
			developmentRegion = en;
			hasScannedForEncodings = 0;
			knownRegions = (
				en,
				Base,
			);
			mainGroup = 5639E4AC29846BFB00378AB5;
			productRefGroup = 5639E4B629846BFB00378AB5 /* Products */;
			projectDirPath = "";
			projectRoot = "";
			targets = (
				5639E4B429846BFB00378AB5 /* iWykop2.0 */,
				5639E4C529846BFC00378AB5 /* iWykop2.0Tests */,
				5639E4CF29846BFC00378AB5 /* iWykop2.0UITests */,
			);
		};
/* End PBXProject section */

/* Begin PBXResourcesBuildPhase section */
		5639E4B329846BFB00378AB5 /* Resources */ = {
			isa = PBXResourcesBuildPhase;
			buildActionMask = 2147483647;
			files = (
				5639E501298592F200378AB5 /* apiCreditentials.plist in Resources */,
				5639E4C129846BFC00378AB5 /* Preview Assets.xcassets in Resources */,
				5639E4BD29846BFC00378AB5 /* Assets.xcassets in Resources */,
			);
			runOnlyForDeploymentPostprocessing = 0;
		};
		5639E4C429846BFC00378AB5 /* Resources */ = {
			isa = PBXResourcesBuildPhase;
			buildActionMask = 2147483647;
			files = (
			);
			runOnlyForDeploymentPostprocessing = 0;
		};
		5639E4CE29846BFC00378AB5 /* Resources */ = {
			isa = PBXResourcesBuildPhase;
			buildActionMask = 2147483647;
			files = (
			);
			runOnlyForDeploymentPostprocessing = 0;
		};
/* End PBXResourcesBuildPhase section */

/* Begin PBXShellScriptBuildPhase section */
		41FAC4B66DA6E05D7349FCCE /* [CP] Check Pods Manifest.lock */ = {
			isa = PBXShellScriptBuildPhase;
			buildActionMask = 2147483647;
			files = (
			);
			inputFileListPaths = (
			);
			inputPaths = (
				"${PODS_PODFILE_DIR_PATH}/Podfile.lock",
				"${PODS_ROOT}/Manifest.lock",
			);
			name = "[CP] Check Pods Manifest.lock";
			outputFileListPaths = (
			);
			outputPaths = (
				"$(DERIVED_FILE_DIR)/Pods-iWykop2.0-iWykop2.0UITests-checkManifestLockResult.txt",
			);
			runOnlyForDeploymentPostprocessing = 0;
			shellPath = /bin/sh;
			shellScript = "diff \"${PODS_PODFILE_DIR_PATH}/Podfile.lock\" \"${PODS_ROOT}/Manifest.lock\" > /dev/null\nif [ $? != 0 ] ; then\n    # print error to STDERR\n    echo \"error: The sandbox is not in sync with the Podfile.lock. Run 'pod install' or update your CocoaPods installation.\" >&2\n    exit 1\nfi\n# This output is used by Xcode 'outputs' to avoid re-running this script phase.\necho \"SUCCESS\" > \"${SCRIPT_OUTPUT_FILE_0}\"\n";
			showEnvVarsInLog = 0;
		};
		5639E4E3298471AD00378AB5 /* ShellScript */ = {
			isa = PBXShellScriptBuildPhase;
			buildActionMask = 2147483647;
			files = (
			);
			inputFileListPaths = (
			);
			inputPaths = (
			);
			outputFileListPaths = (
			);
			outputPaths = (
			);
			runOnlyForDeploymentPostprocessing = 0;
			shellPath = /bin/sh;
			shellScript = "export PATH=\"$PATH:/opt/homebrew/bin\"\nif which swiftlint > /dev/null; then\n  swiftlint\nelse\n  echo \"warning: SwiftLint not installed, download from https://github.com/realm/SwiftLint\"\nfi\n";
		};
		5639E4E4298471BB00378AB5 /* ShellScript */ = {
			isa = PBXShellScriptBuildPhase;
			buildActionMask = 2147483647;
			files = (
			);
			inputFileListPaths = (
			);
			inputPaths = (
			);
			outputFileListPaths = (
			);
			outputPaths = (
			);
			runOnlyForDeploymentPostprocessing = 0;
			shellPath = /bin/sh;
			shellScript = "# Type a script or drag a script file from your workspace to insert its path.\n";
		};
		59016D1F01F6506FC996DB1B /* [CP] Check Pods Manifest.lock */ = {
			isa = PBXShellScriptBuildPhase;
			buildActionMask = 2147483647;
			files = (
			);
			inputFileListPaths = (
			);
			inputPaths = (
				"${PODS_PODFILE_DIR_PATH}/Podfile.lock",
				"${PODS_ROOT}/Manifest.lock",
			);
			name = "[CP] Check Pods Manifest.lock";
			outputFileListPaths = (
			);
			outputPaths = (
				"$(DERIVED_FILE_DIR)/Pods-iWykop2.0-checkManifestLockResult.txt",
			);
			runOnlyForDeploymentPostprocessing = 0;
			shellPath = /bin/sh;
			shellScript = "diff \"${PODS_PODFILE_DIR_PATH}/Podfile.lock\" \"${PODS_ROOT}/Manifest.lock\" > /dev/null\nif [ $? != 0 ] ; then\n    # print error to STDERR\n    echo \"error: The sandbox is not in sync with the Podfile.lock. Run 'pod install' or update your CocoaPods installation.\" >&2\n    exit 1\nfi\n# This output is used by Xcode 'outputs' to avoid re-running this script phase.\necho \"SUCCESS\" > \"${SCRIPT_OUTPUT_FILE_0}\"\n";
			showEnvVarsInLog = 0;
		};
		C59FDA6465D94AA26039F414 /* [CP] Embed Pods Frameworks */ = {
			isa = PBXShellScriptBuildPhase;
			buildActionMask = 2147483647;
			files = (
			);
			inputFileListPaths = (
				"${PODS_ROOT}/Target Support Files/Pods-iWykop2.0/Pods-iWykop2.0-frameworks-${CONFIGURATION}-input-files.xcfilelist",
			);
			name = "[CP] Embed Pods Frameworks";
			outputFileListPaths = (
				"${PODS_ROOT}/Target Support Files/Pods-iWykop2.0/Pods-iWykop2.0-frameworks-${CONFIGURATION}-output-files.xcfilelist",
			);
			runOnlyForDeploymentPostprocessing = 0;
			shellPath = /bin/sh;
			shellScript = "\"${PODS_ROOT}/Target Support Files/Pods-iWykop2.0/Pods-iWykop2.0-frameworks.sh\"\n";
			showEnvVarsInLog = 0;
		};
		C6E1F086B4CF0CDB6249BE4B /* [CP] Embed Pods Frameworks */ = {
			isa = PBXShellScriptBuildPhase;
			buildActionMask = 2147483647;
			files = (
			);
			inputFileListPaths = (
				"${PODS_ROOT}/Target Support Files/Pods-iWykop2.0-iWykop2.0UITests/Pods-iWykop2.0-iWykop2.0UITests-frameworks-${CONFIGURATION}-input-files.xcfilelist",
			);
			name = "[CP] Embed Pods Frameworks";
			outputFileListPaths = (
				"${PODS_ROOT}/Target Support Files/Pods-iWykop2.0-iWykop2.0UITests/Pods-iWykop2.0-iWykop2.0UITests-frameworks-${CONFIGURATION}-output-files.xcfilelist",
			);
			runOnlyForDeploymentPostprocessing = 0;
			shellPath = /bin/sh;
			shellScript = "\"${PODS_ROOT}/Target Support Files/Pods-iWykop2.0-iWykop2.0UITests/Pods-iWykop2.0-iWykop2.0UITests-frameworks.sh\"\n";
			showEnvVarsInLog = 0;
		};
		F90A8809EB2F31D496E516B1 /* [CP] Check Pods Manifest.lock */ = {
			isa = PBXShellScriptBuildPhase;
			buildActionMask = 2147483647;
			files = (
			);
			inputFileListPaths = (
			);
			inputPaths = (
				"${PODS_PODFILE_DIR_PATH}/Podfile.lock",
				"${PODS_ROOT}/Manifest.lock",
			);
			name = "[CP] Check Pods Manifest.lock";
			outputFileListPaths = (
			);
			outputPaths = (
				"$(DERIVED_FILE_DIR)/Pods-iWykop2.0Tests-checkManifestLockResult.txt",
			);
			runOnlyForDeploymentPostprocessing = 0;
			shellPath = /bin/sh;
			shellScript = "diff \"${PODS_PODFILE_DIR_PATH}/Podfile.lock\" \"${PODS_ROOT}/Manifest.lock\" > /dev/null\nif [ $? != 0 ] ; then\n    # print error to STDERR\n    echo \"error: The sandbox is not in sync with the Podfile.lock. Run 'pod install' or update your CocoaPods installation.\" >&2\n    exit 1\nfi\n# This output is used by Xcode 'outputs' to avoid re-running this script phase.\necho \"SUCCESS\" > \"${SCRIPT_OUTPUT_FILE_0}\"\n";
			showEnvVarsInLog = 0;
		};
/* End PBXShellScriptBuildPhase section */

/* Begin PBXSourcesBuildPhase section */
		5639E4B129846BFB00378AB5 /* Sources */ = {
			isa = PBXSourcesBuildPhase;
			buildActionMask = 2147483647;
			files = (
				5639E4FD29847C4400378AB5 /* Coordinator.swift in Sources */,
				5639E4BB29846BFB00378AB5 /* ContentView.swift in Sources */,
				5639E4EC2984779A00378AB5 /* Registration.swift in Sources */,
				5639E4F62984798F00378AB5 /* ApiV3Service.swift in Sources */,
				5639E4B929846BFB00378AB5 /* IWykop20App.swift in Sources */,
				5639E5112985C24200378AB5 /* Comment.swift in Sources */,
				5639E5092985A26000378AB5 /* Tags.swift in Sources */,
				5639E50D2985A30A00378AB5 /* Embed.swift in Sources */,
				5639E5032985A05D00378AB5 /* Auth.swift in Sources */,
				56D3FF352986E8B0001E83C6 /* DataTaskPublisherProvider.swift in Sources */,
				5639E50F2985A3FE00378AB5 /* Entry.swift in Sources */,
				5639E4FB29847BEA00378AB5 /* String.swift in Sources */,
				5639E5072985A1CF00378AB5 /* Links.swift in Sources */,
				5639E5052985A0AB00378AB5 /* Response.swift in Sources */,
				5639E4F42984797300378AB5 /* ApiClient.swift in Sources */,
				56D3FF332985E2BC001E83C6 /* ApiCreditentialsProvider.swift in Sources */,
				56D3FF382987033A001E83C6 /* Persistance.swift in Sources */,
				5639E50B2985A2F500378AB5 /* Author.swift in Sources */,
				5639E4FF29847C7400378AB5 /* BodyFormatter.swift in Sources */,
			);
			runOnlyForDeploymentPostprocessing = 0;
		};
		5639E4C229846BFC00378AB5 /* Sources */ = {
			isa = PBXSourcesBuildPhase;
			buildActionMask = 2147483647;
			files = (
				5639E4CB29846BFC00378AB5 /* IWykop20Tests.swift in Sources */,
			);
			runOnlyForDeploymentPostprocessing = 0;
		};
		5639E4CC29846BFC00378AB5 /* Sources */ = {
			isa = PBXSourcesBuildPhase;
			buildActionMask = 2147483647;
			files = (
				5639E4D529846BFC00378AB5 /* IWykop20UITests.swift in Sources */,
				5639E4D729846BFC00378AB5 /* IWykop2UITestsLaunchTests.swift in Sources */,
			);
			runOnlyForDeploymentPostprocessing = 0;
		};
/* End PBXSourcesBuildPhase section */

/* Begin PBXTargetDependency section */
		5639E4C829846BFC00378AB5 /* PBXTargetDependency */ = {
			isa = PBXTargetDependency;
			target = 5639E4B429846BFB00378AB5 /* iWykop2.0 */;
			targetProxy = 5639E4C729846BFC00378AB5 /* PBXContainerItemProxy */;
		};
		5639E4D229846BFC00378AB5 /* PBXTargetDependency */ = {
			isa = PBXTargetDependency;
			target = 5639E4B429846BFB00378AB5 /* iWykop2.0 */;
			targetProxy = 5639E4D129846BFC00378AB5 /* PBXContainerItemProxy */;
		};
/* End PBXTargetDependency section */

/* Begin XCBuildConfiguration section */
		5639E4D829846BFC00378AB5 /* Debug */ = {
			isa = XCBuildConfiguration;
			buildSettings = {
				ALWAYS_SEARCH_USER_PATHS = NO;
				CLANG_ANALYZER_NONNULL = YES;
				CLANG_ANALYZER_NUMBER_OBJECT_CONVERSION = YES_AGGRESSIVE;
				CLANG_CXX_LANGUAGE_STANDARD = "gnu++20";
				CLANG_ENABLE_MODULES = YES;
				CLANG_ENABLE_OBJC_ARC = YES;
				CLANG_ENABLE_OBJC_WEAK = YES;
				CLANG_WARN_BLOCK_CAPTURE_AUTORELEASING = YES;
				CLANG_WARN_BOOL_CONVERSION = YES;
				CLANG_WARN_COMMA = YES;
				CLANG_WARN_CONSTANT_CONVERSION = YES;
				CLANG_WARN_DEPRECATED_OBJC_IMPLEMENTATIONS = YES;
				CLANG_WARN_DIRECT_OBJC_ISA_USAGE = YES_ERROR;
				CLANG_WARN_DOCUMENTATION_COMMENTS = YES;
				CLANG_WARN_EMPTY_BODY = YES;
				CLANG_WARN_ENUM_CONVERSION = YES;
				CLANG_WARN_INFINITE_RECURSION = YES;
				CLANG_WARN_INT_CONVERSION = YES;
				CLANG_WARN_NON_LITERAL_NULL_CONVERSION = YES;
				CLANG_WARN_OBJC_IMPLICIT_RETAIN_SELF = YES;
				CLANG_WARN_OBJC_LITERAL_CONVERSION = YES;
				CLANG_WARN_OBJC_ROOT_CLASS = YES_ERROR;
				CLANG_WARN_QUOTED_INCLUDE_IN_FRAMEWORK_HEADER = YES;
				CLANG_WARN_RANGE_LOOP_ANALYSIS = YES;
				CLANG_WARN_STRICT_PROTOTYPES = YES;
				CLANG_WARN_SUSPICIOUS_MOVE = YES;
				CLANG_WARN_UNGUARDED_AVAILABILITY = YES_AGGRESSIVE;
				CLANG_WARN_UNREACHABLE_CODE = YES;
				CLANG_WARN__DUPLICATE_METHOD_MATCH = YES;
				COPY_PHASE_STRIP = NO;
				DEAD_CODE_STRIPPING = YES;
				DEBUG_INFORMATION_FORMAT = dwarf;
				ENABLE_STRICT_OBJC_MSGSEND = YES;
				ENABLE_TESTABILITY = YES;
				GCC_C_LANGUAGE_STANDARD = gnu11;
				GCC_DYNAMIC_NO_PIC = NO;
				GCC_NO_COMMON_BLOCKS = YES;
				GCC_OPTIMIZATION_LEVEL = 0;
				GCC_PREPROCESSOR_DEFINITIONS = (
					"DEBUG=1",
					"$(inherited)",
				);
				GCC_WARN_64_TO_32_BIT_CONVERSION = YES;
				GCC_WARN_ABOUT_RETURN_TYPE = YES_ERROR;
				GCC_WARN_UNDECLARED_SELECTOR = YES;
				GCC_WARN_UNINITIALIZED_AUTOS = YES_AGGRESSIVE;
				GCC_WARN_UNUSED_FUNCTION = YES;
				GCC_WARN_UNUSED_VARIABLE = YES;
				MTL_ENABLE_DEBUG_INFO = INCLUDE_SOURCE;
				MTL_FAST_MATH = YES;
				ONLY_ACTIVE_ARCH = YES;
				SWIFT_ACTIVE_COMPILATION_CONDITIONS = DEBUG;
				SWIFT_OPTIMIZATION_LEVEL = "-Onone";
			};
			name = Debug;
		};
		5639E4D929846BFC00378AB5 /* Release */ = {
			isa = XCBuildConfiguration;
			buildSettings = {
				ALWAYS_SEARCH_USER_PATHS = NO;
				CLANG_ANALYZER_NONNULL = YES;
				CLANG_ANALYZER_NUMBER_OBJECT_CONVERSION = YES_AGGRESSIVE;
				CLANG_CXX_LANGUAGE_STANDARD = "gnu++20";
				CLANG_ENABLE_MODULES = YES;
				CLANG_ENABLE_OBJC_ARC = YES;
				CLANG_ENABLE_OBJC_WEAK = YES;
				CLANG_WARN_BLOCK_CAPTURE_AUTORELEASING = YES;
				CLANG_WARN_BOOL_CONVERSION = YES;
				CLANG_WARN_COMMA = YES;
				CLANG_WARN_CONSTANT_CONVERSION = YES;
				CLANG_WARN_DEPRECATED_OBJC_IMPLEMENTATIONS = YES;
				CLANG_WARN_DIRECT_OBJC_ISA_USAGE = YES_ERROR;
				CLANG_WARN_DOCUMENTATION_COMMENTS = YES;
				CLANG_WARN_EMPTY_BODY = YES;
				CLANG_WARN_ENUM_CONVERSION = YES;
				CLANG_WARN_INFINITE_RECURSION = YES;
				CLANG_WARN_INT_CONVERSION = YES;
				CLANG_WARN_NON_LITERAL_NULL_CONVERSION = YES;
				CLANG_WARN_OBJC_IMPLICIT_RETAIN_SELF = YES;
				CLANG_WARN_OBJC_LITERAL_CONVERSION = YES;
				CLANG_WARN_OBJC_ROOT_CLASS = YES_ERROR;
				CLANG_WARN_QUOTED_INCLUDE_IN_FRAMEWORK_HEADER = YES;
				CLANG_WARN_RANGE_LOOP_ANALYSIS = YES;
				CLANG_WARN_STRICT_PROTOTYPES = YES;
				CLANG_WARN_SUSPICIOUS_MOVE = YES;
				CLANG_WARN_UNGUARDED_AVAILABILITY = YES_AGGRESSIVE;
				CLANG_WARN_UNREACHABLE_CODE = YES;
				CLANG_WARN__DUPLICATE_METHOD_MATCH = YES;
				COPY_PHASE_STRIP = NO;
				DEAD_CODE_STRIPPING = YES;
				DEBUG_INFORMATION_FORMAT = "dwarf-with-dsym";
				ENABLE_NS_ASSERTIONS = NO;
				ENABLE_STRICT_OBJC_MSGSEND = YES;
				GCC_C_LANGUAGE_STANDARD = gnu11;
				GCC_NO_COMMON_BLOCKS = YES;
				GCC_WARN_64_TO_32_BIT_CONVERSION = YES;
				GCC_WARN_ABOUT_RETURN_TYPE = YES_ERROR;
				GCC_WARN_UNDECLARED_SELECTOR = YES;
				GCC_WARN_UNINITIALIZED_AUTOS = YES_AGGRESSIVE;
				GCC_WARN_UNUSED_FUNCTION = YES;
				GCC_WARN_UNUSED_VARIABLE = YES;
				MTL_ENABLE_DEBUG_INFO = NO;
				MTL_FAST_MATH = YES;
				SWIFT_COMPILATION_MODE = wholemodule;
				SWIFT_OPTIMIZATION_LEVEL = "-O";
			};
			name = Release;
		};
		5639E4DB29846BFC00378AB5 /* Debug */ = {
			isa = XCBuildConfiguration;
			baseConfigurationReference = B4A5333E9B8E80241D2132F8 /* Pods-iWykop2.0.debug.xcconfig */;
			buildSettings = {
				ASSETCATALOG_COMPILER_APPICON_NAME = AppIcon;
				ASSETCATALOG_COMPILER_GLOBAL_ACCENT_COLOR_NAME = AccentColor;
				CODE_SIGN_ENTITLEMENTS = iWykop2.0/SupportingFiles/iWykop2_0.entitlements;
				CODE_SIGN_IDENTITY = "-";
				CODE_SIGN_STYLE = Automatic;
				CURRENT_PROJECT_VERSION = 1;
				DEAD_CODE_STRIPPING = YES;
				DEVELOPMENT_ASSET_PATHS = "\"iWykop2.0/SupportingFiles/Preview Content\"";
				DEVELOPMENT_TEAM = 7VAGM362QW;
				ENABLE_PREVIEWS = YES;
				GENERATE_INFOPLIST_FILE = YES;
				"INFOPLIST_KEY_UIApplicationSceneManifest_Generation[sdk=iphoneos*]" = YES;
				"INFOPLIST_KEY_UIApplicationSceneManifest_Generation[sdk=iphonesimulator*]" = YES;
				"INFOPLIST_KEY_UIApplicationSupportsIndirectInputEvents[sdk=iphoneos*]" = YES;
				"INFOPLIST_KEY_UIApplicationSupportsIndirectInputEvents[sdk=iphonesimulator*]" = YES;
				"INFOPLIST_KEY_UILaunchScreen_Generation[sdk=iphoneos*]" = YES;
				"INFOPLIST_KEY_UILaunchScreen_Generation[sdk=iphonesimulator*]" = YES;
				"INFOPLIST_KEY_UIStatusBarStyle[sdk=iphoneos*]" = UIStatusBarStyleDefault;
				"INFOPLIST_KEY_UIStatusBarStyle[sdk=iphonesimulator*]" = UIStatusBarStyleDefault;
				INFOPLIST_KEY_UISupportedInterfaceOrientations_iPad = "UIInterfaceOrientationPortrait UIInterfaceOrientationPortraitUpsideDown UIInterfaceOrientationLandscapeLeft UIInterfaceOrientationLandscapeRight";
				INFOPLIST_KEY_UISupportedInterfaceOrientations_iPhone = "UIInterfaceOrientationPortrait UIInterfaceOrientationLandscapeLeft UIInterfaceOrientationLandscapeRight";
				IPHONEOS_DEPLOYMENT_TARGET = 16.2;
				LD_RUNPATH_SEARCH_PATHS = "@executable_path/Frameworks";
				"LD_RUNPATH_SEARCH_PATHS[sdk=macosx*]" = "@executable_path/../Frameworks";
				MACOSX_DEPLOYMENT_TARGET = 13.1;
				MARKETING_VERSION = 1.0;
				PRODUCT_BUNDLE_IDENTIFIER = "marcinmierzejewski1024.iWykop2-0";
				PRODUCT_NAME = "$(TARGET_NAME)";
				SDKROOT = auto;
				SUPPORTED_PLATFORMS = "iphoneos iphonesimulator macosx";
				SWIFT_EMIT_LOC_STRINGS = YES;
				SWIFT_VERSION = 5.0;
				TARGETED_DEVICE_FAMILY = "1,2";
			};
			name = Debug;
		};
		5639E4DC29846BFC00378AB5 /* Release */ = {
			isa = XCBuildConfiguration;
			baseConfigurationReference = E080DF254F2EE1E67D262500 /* Pods-iWykop2.0.release.xcconfig */;
			buildSettings = {
				ASSETCATALOG_COMPILER_APPICON_NAME = AppIcon;
				ASSETCATALOG_COMPILER_GLOBAL_ACCENT_COLOR_NAME = AccentColor;
				CODE_SIGN_ENTITLEMENTS = iWykop2.0/SupportingFiles/iWykop2_0.entitlements;
				CODE_SIGN_IDENTITY = "-";
				CODE_SIGN_STYLE = Automatic;
				CURRENT_PROJECT_VERSION = 1;
				DEAD_CODE_STRIPPING = YES;
				DEVELOPMENT_ASSET_PATHS = "\"iWykop2.0/SupportingFiles/Preview Content\"";
				DEVELOPMENT_TEAM = 7VAGM362QW;
				ENABLE_PREVIEWS = YES;
				GENERATE_INFOPLIST_FILE = YES;
				"INFOPLIST_KEY_UIApplicationSceneManifest_Generation[sdk=iphoneos*]" = YES;
				"INFOPLIST_KEY_UIApplicationSceneManifest_Generation[sdk=iphonesimulator*]" = YES;
				"INFOPLIST_KEY_UIApplicationSupportsIndirectInputEvents[sdk=iphoneos*]" = YES;
				"INFOPLIST_KEY_UIApplicationSupportsIndirectInputEvents[sdk=iphonesimulator*]" = YES;
				"INFOPLIST_KEY_UILaunchScreen_Generation[sdk=iphoneos*]" = YES;
				"INFOPLIST_KEY_UILaunchScreen_Generation[sdk=iphonesimulator*]" = YES;
				"INFOPLIST_KEY_UIStatusBarStyle[sdk=iphoneos*]" = UIStatusBarStyleDefault;
				"INFOPLIST_KEY_UIStatusBarStyle[sdk=iphonesimulator*]" = UIStatusBarStyleDefault;
				INFOPLIST_KEY_UISupportedInterfaceOrientations_iPad = "UIInterfaceOrientationPortrait UIInterfaceOrientationPortraitUpsideDown UIInterfaceOrientationLandscapeLeft UIInterfaceOrientationLandscapeRight";
				INFOPLIST_KEY_UISupportedInterfaceOrientations_iPhone = "UIInterfaceOrientationPortrait UIInterfaceOrientationLandscapeLeft UIInterfaceOrientationLandscapeRight";
				IPHONEOS_DEPLOYMENT_TARGET = 16.2;
				LD_RUNPATH_SEARCH_PATHS = "@executable_path/Frameworks";
				"LD_RUNPATH_SEARCH_PATHS[sdk=macosx*]" = "@executable_path/../Frameworks";
				MACOSX_DEPLOYMENT_TARGET = 13.1;
				MARKETING_VERSION = 1.0;
				PRODUCT_BUNDLE_IDENTIFIER = "marcinmierzejewski1024.iWykop2-0";
				PRODUCT_NAME = "$(TARGET_NAME)";
				SDKROOT = auto;
				SUPPORTED_PLATFORMS = "iphoneos iphonesimulator macosx";
				SWIFT_EMIT_LOC_STRINGS = YES;
				SWIFT_VERSION = 5.0;
				TARGETED_DEVICE_FAMILY = "1,2";
			};
			name = Release;
		};
		5639E4DE29846BFC00378AB5 /* Debug */ = {
			isa = XCBuildConfiguration;
			baseConfigurationReference = 30FC7A4A8B851491F0A3A0BF /* Pods-iWykop2.0Tests.debug.xcconfig */;
			buildSettings = {
				ALWAYS_EMBED_SWIFT_STANDARD_LIBRARIES = YES;
				BUNDLE_LOADER = "$(TEST_HOST)";
				CODE_SIGN_STYLE = Automatic;
				CURRENT_PROJECT_VERSION = 1;
				DEAD_CODE_STRIPPING = YES;
				GENERATE_INFOPLIST_FILE = YES;
				IPHONEOS_DEPLOYMENT_TARGET = 16.2;
				MACOSX_DEPLOYMENT_TARGET = 13.1;
				MARKETING_VERSION = 1.0;
				PRODUCT_BUNDLE_IDENTIFIER = "marcinmierzejewski1024.iWykop2-0Tests";
				PRODUCT_NAME = "$(TARGET_NAME)";
				SDKROOT = auto;
				SUPPORTED_PLATFORMS = "iphoneos iphonesimulator macosx";
				SWIFT_EMIT_LOC_STRINGS = NO;
				SWIFT_VERSION = 5.0;
				TARGETED_DEVICE_FAMILY = "1,2";
				TEST_HOST = "$(BUILT_PRODUCTS_DIR)/iWykop2.0.app/$(BUNDLE_EXECUTABLE_FOLDER_PATH)/iWykop2.0";
			};
			name = Debug;
		};
		5639E4DF29846BFC00378AB5 /* Release */ = {
			isa = XCBuildConfiguration;
			baseConfigurationReference = 93F4224E1AEBA2114176DFA4 /* Pods-iWykop2.0Tests.release.xcconfig */;
			buildSettings = {
				ALWAYS_EMBED_SWIFT_STANDARD_LIBRARIES = YES;
				BUNDLE_LOADER = "$(TEST_HOST)";
				CODE_SIGN_STYLE = Automatic;
				CURRENT_PROJECT_VERSION = 1;
				DEAD_CODE_STRIPPING = YES;
				GENERATE_INFOPLIST_FILE = YES;
				IPHONEOS_DEPLOYMENT_TARGET = 16.2;
				MACOSX_DEPLOYMENT_TARGET = 13.1;
				MARKETING_VERSION = 1.0;
				PRODUCT_BUNDLE_IDENTIFIER = "marcinmierzejewski1024.iWykop2-0Tests";
				PRODUCT_NAME = "$(TARGET_NAME)";
				SDKROOT = auto;
				SUPPORTED_PLATFORMS = "iphoneos iphonesimulator macosx";
				SWIFT_EMIT_LOC_STRINGS = NO;
				SWIFT_VERSION = 5.0;
				TARGETED_DEVICE_FAMILY = "1,2";
				TEST_HOST = "$(BUILT_PRODUCTS_DIR)/iWykop2.0.app/$(BUNDLE_EXECUTABLE_FOLDER_PATH)/iWykop2.0";
			};
			name = Release;
		};
		5639E4E129846BFC00378AB5 /* Debug */ = {
			isa = XCBuildConfiguration;
			baseConfigurationReference = 17EDDE1E10E1B0EEABCFEF39 /* Pods-iWykop2.0-iWykop2.0UITests.debug.xcconfig */;
			buildSettings = {
				ALWAYS_EMBED_SWIFT_STANDARD_LIBRARIES = YES;
				CODE_SIGN_STYLE = Automatic;
				CURRENT_PROJECT_VERSION = 1;
				DEAD_CODE_STRIPPING = YES;
				GENERATE_INFOPLIST_FILE = YES;
				IPHONEOS_DEPLOYMENT_TARGET = 16.2;
				MACOSX_DEPLOYMENT_TARGET = 13.1;
				MARKETING_VERSION = 1.0;
				PRODUCT_BUNDLE_IDENTIFIER = "marcinmierzejewski1024.iWykop2-0UITests";
				PRODUCT_NAME = "$(TARGET_NAME)";
				SDKROOT = auto;
				SUPPORTED_PLATFORMS = "iphoneos iphonesimulator macosx";
				SWIFT_EMIT_LOC_STRINGS = NO;
				SWIFT_VERSION = 5.0;
				TARGETED_DEVICE_FAMILY = "1,2";
				TEST_TARGET_NAME = iWykop2.0;
			};
			name = Debug;
		};
		5639E4E229846BFC00378AB5 /* Release */ = {
			isa = XCBuildConfiguration;
			baseConfigurationReference = EBC1F70F7366A92B2F48A329 /* Pods-iWykop2.0-iWykop2.0UITests.release.xcconfig */;
			buildSettings = {
				ALWAYS_EMBED_SWIFT_STANDARD_LIBRARIES = YES;
				CODE_SIGN_STYLE = Automatic;
				CURRENT_PROJECT_VERSION = 1;
				DEAD_CODE_STRIPPING = YES;
				GENERATE_INFOPLIST_FILE = YES;
				IPHONEOS_DEPLOYMENT_TARGET = 16.2;
				MACOSX_DEPLOYMENT_TARGET = 13.1;
				MARKETING_VERSION = 1.0;
				PRODUCT_BUNDLE_IDENTIFIER = "marcinmierzejewski1024.iWykop2-0UITests";
				PRODUCT_NAME = "$(TARGET_NAME)";
				SDKROOT = auto;
				SUPPORTED_PLATFORMS = "iphoneos iphonesimulator macosx";
				SWIFT_EMIT_LOC_STRINGS = NO;
				SWIFT_VERSION = 5.0;
				TARGETED_DEVICE_FAMILY = "1,2";
				TEST_TARGET_NAME = iWykop2.0;
			};
			name = Release;
		};
/* End XCBuildConfiguration section */

/* Begin XCConfigurationList section */
		5639E4B029846BFB00378AB5 /* Build configuration list for PBXProject "iWykop2.0" */ = {
			isa = XCConfigurationList;
			buildConfigurations = (
				5639E4D829846BFC00378AB5 /* Debug */,
				5639E4D929846BFC00378AB5 /* Release */,
			);
			defaultConfigurationIsVisible = 0;
			defaultConfigurationName = Release;
		};
		5639E4DA29846BFC00378AB5 /* Build configuration list for PBXNativeTarget "iWykop2.0" */ = {
			isa = XCConfigurationList;
			buildConfigurations = (
				5639E4DB29846BFC00378AB5 /* Debug */,
				5639E4DC29846BFC00378AB5 /* Release */,
			);
			defaultConfigurationIsVisible = 0;
			defaultConfigurationName = Release;
		};
		5639E4DD29846BFC00378AB5 /* Build configuration list for PBXNativeTarget "iWykop2.0Tests" */ = {
			isa = XCConfigurationList;
			buildConfigurations = (
				5639E4DE29846BFC00378AB5 /* Debug */,
				5639E4DF29846BFC00378AB5 /* Release */,
			);
			defaultConfigurationIsVisible = 0;
			defaultConfigurationName = Release;
		};
		5639E4E029846BFC00378AB5 /* Build configuration list for PBXNativeTarget "iWykop2.0UITests" */ = {
			isa = XCConfigurationList;
			buildConfigurations = (
				5639E4E129846BFC00378AB5 /* Debug */,
				5639E4E229846BFC00378AB5 /* Release */,
			);
			defaultConfigurationIsVisible = 0;
			defaultConfigurationName = Release;
		};
/* End XCConfigurationList section */
	};
	rootObject = 5639E4AD29846BFB00378AB5 /* Project object */;
}
